Microsoft Visual Studio Solution File, Format Version 12.00
# Visual Studio Version 17
VisualStudioVersion = 17.5.2.0
MinimumVisualStudioVersion = 10.0.40219.1
Project("{FAE04EC0-301F-11D3-BF4B-00C04F79EFBC}") = "ISC_BT2", "ISC_BT2.csproj", "{678D5D55-DB42-D4CC-E440-FF321EB3F384}"
EndProject
Global
	GlobalSection(SolutionConfigurationPlatforms) = preSolution
		Debug|Any CPU = Debug|Any CPU
		Release|Any CPU = Release|Any CPU
	EndGlobalSection
	GlobalSection(ProjectConfigurationPlatforms) = postSolution
		{678D5D55-DB42-D4CC-E440-FF321EB3F384}.Debug|Any CPU.ActiveCfg = Debug|Any CPU
		{678D5D55-DB42-D4CC-E440-FF321EB3F384}.Debug|Any CPU.Build.0 = Debug|Any CPU
		{678D5D55-DB42-D4CC-E440-FF321EB3F384}.Release|Any CPU.ActiveCfg = Release|Any CPU
		{678D5D55-DB42-D4CC-E440-FF321EB3F384}.Release|Any CPU.Build.0 = Release|Any CPU
	EndGlobalSection
	GlobalSection(SolutionProperties) = preSolution
		HideSolutionNode = FALSE
	EndGlobalSection
	GlobalSection(ExtensibilityGlobals) = postSolution
		SolutionGuid = {144E7598-BD77-459C-A234-340D2FDB96F7}
	EndGlobalSection
EndGlobal
